
Microsoft Visual Studio Solution File, Format Version 12.00
# Visual Studio Version 17
VisualStudioVersion = 17.1.32210.238
MinimumVisualStudioVersion = 10.0.40219.1
Project("{FAE04EC0-301F-11D3-BF4B-00C04F79EFBC}") = "ExamenParcial1", "ExamenParcial1\ExamenParcial1.csproj", "{67DD66EE-C0F6-4855-8F65-AB08018446B1}"
EndProject
Global
	GlobalSection(SolutionConfigurationPlatforms) = preSolution
		Debug|Any CPU = Debug|Any CPU
		Release|Any CPU = Release|Any CPU
	EndGlobalSection
	GlobalSection(ProjectConfigurationPlatforms) = postSolution
		{67DD66EE-C0F6-4855-8F65-AB08018446B1}.Debug|Any CPU.ActiveCfg = Debug|Any CPU
		{67DD66EE-C0F6-4855-8F65-AB08018446B1}.Debug|Any CPU.Build.0 = Debug|Any CPU
		{67DD66EE-C0F6-4855-8F65-AB08018446B1}.Release|Any CPU.ActiveCfg = Release|Any CPU
		{67DD66EE-C0F6-4855-8F65-AB08018446B1}.Release|Any CPU.Build.0 = Release|Any CPU
	EndGlobalSection
	GlobalSection(SolutionProperties) = preSolution
		HideSolutionNode = FALSE
	EndGlobalSection
	GlobalSection(ExtensibilityGlobals) = postSolution
		SolutionGuid = {9D0FF585-62A2-4B9A-954F-CAA8733F0A33}
	EndGlobalSection
EndGlobal
